
Microsoft Visual Studio Solution File, Format Version 12.00
# Visual Studio 15
VisualStudioVersion = 15.0.27130.2027
MinimumVisualStudioVersion = 10.0.40219.1
Project("{FAE04EC0-301F-11D3-BF4B-00C04F79EFBC}") = "ZJAVS", "ZJAVS\ZJAVS.csproj", "{2064ACD2-67D4-45F7-AE49-C16E5A65C404}"
EndProject
Global
	GlobalSection(SolutionConfigurationPlatforms) = preSolution
		Debug|Any CPU = Debug|Any CPU
		Release|Any CPU = Release|Any CPU
	EndGlobalSection
	GlobalSection(ProjectConfigurationPlatforms) = postSolution
		{2064ACD2-67D4-45F7-AE49-C16E5A65C404}.Debug|Any CPU.ActiveCfg = Debug|Any CPU
		{2064ACD2-67D4-45F7-AE49-C16E5A65C404}.Debug|Any CPU.Build.0 = Debug|Any CPU
		{2064ACD2-67D4-45F7-AE49-C16E5A65C404}.Release|Any CPU.ActiveCfg = Release|Any CPU
		{2064ACD2-67D4-45F7-AE49-C16E5A65C404}.Release|Any CPU.Build.0 = Release|Any CPU
	EndGlobalSection
	GlobalSection(SolutionProperties) = preSolution
		HideSolutionNode = FALSE
	EndGlobalSection
	GlobalSection(ExtensibilityGlobals) = postSolution
		SolutionGuid = {C09FA6D7-E4E0-4A6F-8691-36FA50172412}
	EndGlobalSection
EndGlobal
